
Microsoft Visual Studio Solution File, Format Version 12.00
# Visual Studio Version 16
VisualStudioVersion = 16.0.31729.503
MinimumVisualStudioVersion = 10.0.40219.1
Project("{FAE04EC0-301F-11D3-BF4B-00C04F79EFBC}") = "Bear", "Crafts\Bear.csproj", "{E8FCC93F-0F5D-46B6-801E-BAA50ACCD371}"
EndProject
Global
	GlobalSection(SolutionConfigurationPlatforms) = preSolution
		Debug|Any CPU = Debug|Any CPU
		Release|Any CPU = Release|Any CPU
	EndGlobalSection
	GlobalSection(ProjectConfigurationPlatforms) = postSolution
		{E8FCC93F-0F5D-46B6-801E-BAA50ACCD371}.Debug|Any CPU.ActiveCfg = Debug|Any CPU
		{E8FCC93F-0F5D-46B6-801E-BAA50ACCD371}.Debug|Any CPU.Build.0 = Debug|Any CPU
		{E8FCC93F-0F5D-46B6-801E-BAA50ACCD371}.Release|Any CPU.ActiveCfg = Release|Any CPU
		{E8FCC93F-0F5D-46B6-801E-BAA50ACCD371}.Release|Any CPU.Build.0 = Release|Any CPU
	EndGlobalSection
	GlobalSection(SolutionProperties) = preSolution
		HideSolutionNode = FALSE
	EndGlobalSection
	GlobalSection(ExtensibilityGlobals) = postSolution
		SolutionGuid = {9CC3A35B-A61A-475F-8AFA-F176A4B6CE09}
	EndGlobalSection
EndGlobal
