
Microsoft Visual Studio Solution File, Format Version 12.00
# Visual Studio Version 16
VisualStudioVersion = 16.0.31729.503
MinimumVisualStudioVersion = 10.0.40219.1
Project("{FAE04EC0-301F-11D3-BF4B-00C04F79EFBC}") = "NameInheritance", "NameInheritance\NameInheritance.csproj", "{0D853E5D-9932-43F3-ADD1-B62CA2C4AD3B}"
EndProject
Global
	GlobalSection(SolutionConfigurationPlatforms) = preSolution
		Debug|Any CPU = Debug|Any CPU
		Release|Any CPU = Release|Any CPU
	EndGlobalSection
	GlobalSection(ProjectConfigurationPlatforms) = postSolution
		{0D853E5D-9932-43F3-ADD1-B62CA2C4AD3B}.Debug|Any CPU.ActiveCfg = Debug|Any CPU
		{0D853E5D-9932-43F3-ADD1-B62CA2C4AD3B}.Debug|Any CPU.Build.0 = Debug|Any CPU
		{0D853E5D-9932-43F3-ADD1-B62CA2C4AD3B}.Release|Any CPU.ActiveCfg = Release|Any CPU
		{0D853E5D-9932-43F3-ADD1-B62CA2C4AD3B}.Release|Any CPU.Build.0 = Release|Any CPU
	EndGlobalSection
	GlobalSection(SolutionProperties) = preSolution
		HideSolutionNode = FALSE
	EndGlobalSection
	GlobalSection(ExtensibilityGlobals) = postSolution
		SolutionGuid = {B1588D45-1613-4209-A4A9-98C0C83FBA8B}
	EndGlobalSection
EndGlobal
