
Microsoft Visual Studio Solution File, Format Version 12.00
# Visual Studio Version 16
VisualStudioVersion = 16.0.31729.503
MinimumVisualStudioVersion = 10.0.40219.1
Project("{FAE04EC0-301F-11D3-BF4B-00C04F79EFBC}") = "MathMethods", "MathMethods\MathMethods.csproj", "{7FB25F29-3FA2-41D3-A30C-7CA12649A4BB}"
EndProject
Global
	GlobalSection(SolutionConfigurationPlatforms) = preSolution
		Debug|Any CPU = Debug|Any CPU
		Release|Any CPU = Release|Any CPU
	EndGlobalSection
	GlobalSection(ProjectConfigurationPlatforms) = postSolution
		{7FB25F29-3FA2-41D3-A30C-7CA12649A4BB}.Debug|Any CPU.ActiveCfg = Debug|Any CPU
		{7FB25F29-3FA2-41D3-A30C-7CA12649A4BB}.Debug|Any CPU.Build.0 = Debug|Any CPU
		{7FB25F29-3FA2-41D3-A30C-7CA12649A4BB}.Release|Any CPU.ActiveCfg = Release|Any CPU
		{7FB25F29-3FA2-41D3-A30C-7CA12649A4BB}.Release|Any CPU.Build.0 = Release|Any CPU
	EndGlobalSection
	GlobalSection(SolutionProperties) = preSolution
		HideSolutionNode = FALSE
	EndGlobalSection
	GlobalSection(ExtensibilityGlobals) = postSolution
		SolutionGuid = {220FDC81-3D0C-49F2-893E-8369A7A73289}
	EndGlobalSection
EndGlobal
