
Microsoft Visual Studio Solution File, Format Version 12.00
# Visual Studio Version 16
VisualStudioVersion = 16.0.31729.503
MinimumVisualStudioVersion = 10.0.40219.1
Project("{FAE04EC0-301F-11D3-BF4B-00C04F79EFBC}") = "myConsoleProject", "myConsoleProject\myConsoleProject.csproj", "{2B1160C6-0E9D-49EF-9453-9B5F8E8437CE}"
EndProject
Global
	GlobalSection(SolutionConfigurationPlatforms) = preSolution
		Debug|Any CPU = Debug|Any CPU
		Release|Any CPU = Release|Any CPU
	EndGlobalSection
	GlobalSection(ProjectConfigurationPlatforms) = postSolution
		{2B1160C6-0E9D-49EF-9453-9B5F8E8437CE}.Debug|Any CPU.ActiveCfg = Debug|Any CPU
		{2B1160C6-0E9D-49EF-9453-9B5F8E8437CE}.Debug|Any CPU.Build.0 = Debug|Any CPU
		{2B1160C6-0E9D-49EF-9453-9B5F8E8437CE}.Release|Any CPU.ActiveCfg = Release|Any CPU
		{2B1160C6-0E9D-49EF-9453-9B5F8E8437CE}.Release|Any CPU.Build.0 = Release|Any CPU
	EndGlobalSection
	GlobalSection(SolutionProperties) = preSolution
		HideSolutionNode = FALSE
	EndGlobalSection
	GlobalSection(ExtensibilityGlobals) = postSolution
		SolutionGuid = {E8C3643B-5DF5-418B-80AB-D3281B000A82}
	EndGlobalSection
EndGlobal
