
Microsoft Visual Studio Solution File, Format Version 12.00
# Visual Studio Version 16
VisualStudioVersion = 16.0.31729.503
MinimumVisualStudioVersion = 10.0.40219.1
Project("{FAE04EC0-301F-11D3-BF4B-00C04F79EFBC}") = "NumberGuess", "NumberGuess\NumberGuess.csproj", "{57B867CF-6539-45B5-A8F6-BDA3B1666F14}"
EndProject
Global
	GlobalSection(SolutionConfigurationPlatforms) = preSolution
		Debug|Any CPU = Debug|Any CPU
		Release|Any CPU = Release|Any CPU
	EndGlobalSection
	GlobalSection(ProjectConfigurationPlatforms) = postSolution
		{57B867CF-6539-45B5-A8F6-BDA3B1666F14}.Debug|Any CPU.ActiveCfg = Debug|Any CPU
		{57B867CF-6539-45B5-A8F6-BDA3B1666F14}.Debug|Any CPU.Build.0 = Debug|Any CPU
		{57B867CF-6539-45B5-A8F6-BDA3B1666F14}.Release|Any CPU.ActiveCfg = Release|Any CPU
		{57B867CF-6539-45B5-A8F6-BDA3B1666F14}.Release|Any CPU.Build.0 = Release|Any CPU
	EndGlobalSection
	GlobalSection(SolutionProperties) = preSolution
		HideSolutionNode = FALSE
	EndGlobalSection
	GlobalSection(ExtensibilityGlobals) = postSolution
		SolutionGuid = {DDEDE65A-2999-4B7A-B17C-1EE57829049C}
	EndGlobalSection
EndGlobal
